
Microsoft Visual Studio Solution File, Format Version 12.00
# Visual Studio Version 16
VisualStudioVersion = 16.0.31025.194
MinimumVisualStudioVersion = 10.0.40219.1
Project("{FAE04EC0-301F-11D3-BF4B-00C04F79EFBC}") = "WSUniversalLib", "WSUniversalLib\WSUniversalLib.csproj", "{C42488F4-643E-4117-A099-97CB3F540AE7}"
EndProject
Project("{FAE04EC0-301F-11D3-BF4B-00C04F79EFBC}") = "WSUniversalLibTests", "WSUniversalLibTests\WSUniversalLibTests.csproj", "{4491C959-EFF9-497F-BC2C-4F6175EF51D5}"
EndProject
Project("{FAE04EC0-301F-11D3-BF4B-00C04F79EFBC}") = "WpfProject", "WpfApp1\WpfProject.csproj", "{615524D7-37CC-439D-92A4-9C6E907E1473}"
EndProject
Global
	GlobalSection(SolutionConfigurationPlatforms) = preSolution
		Debug|Any CPU = Debug|Any CPU
		Release|Any CPU = Release|Any CPU
	EndGlobalSection
	GlobalSection(ProjectConfigurationPlatforms) = postSolution
		{C42488F4-643E-4117-A099-97CB3F540AE7}.Debug|Any CPU.ActiveCfg = Debug|Any CPU
		{C42488F4-643E-4117-A099-97CB3F540AE7}.Debug|Any CPU.Build.0 = Debug|Any CPU
		{C42488F4-643E-4117-A099-97CB3F540AE7}.Release|Any CPU.ActiveCfg = Release|Any CPU
		{C42488F4-643E-4117-A099-97CB3F540AE7}.Release|Any CPU.Build.0 = Release|Any CPU
		{4491C959-EFF9-497F-BC2C-4F6175EF51D5}.Debug|Any CPU.ActiveCfg = Debug|Any CPU
		{4491C959-EFF9-497F-BC2C-4F6175EF51D5}.Debug|Any CPU.Build.0 = Debug|Any CPU
		{4491C959-EFF9-497F-BC2C-4F6175EF51D5}.Release|Any CPU.ActiveCfg = Release|Any CPU
		{4491C959-EFF9-497F-BC2C-4F6175EF51D5}.Release|Any CPU.Build.0 = Release|Any CPU
		{615524D7-37CC-439D-92A4-9C6E907E1473}.Debug|Any CPU.ActiveCfg = Debug|Any CPU
		{615524D7-37CC-439D-92A4-9C6E907E1473}.Debug|Any CPU.Build.0 = Debug|Any CPU
		{615524D7-37CC-439D-92A4-9C6E907E1473}.Release|Any CPU.ActiveCfg = Release|Any CPU
		{615524D7-37CC-439D-92A4-9C6E907E1473}.Release|Any CPU.Build.0 = Release|Any CPU
	EndGlobalSection
	GlobalSection(SolutionProperties) = preSolution
		HideSolutionNode = FALSE
	EndGlobalSection
	GlobalSection(ExtensibilityGlobals) = postSolution
		SolutionGuid = {7F17854D-A67E-48D4-BA25-DBCD181678FA}
	EndGlobalSection
EndGlobal
